// !$*UTF8*$!
{
	archiveVersion = 1;
	classes = {
	};
	objectVersion = 56;
	objects = {

/* Begin PBXBuildFile section */
		1B815AF62CCF64D600FEA5A3 /* eventcountdownApp.swift in Sources */ = {isa = PBXBuildFile; fileRef = 1B815AF52CCF64D600FEA5A3 /* eventcountdownApp.swift */; };
		1B815AF82CCF64D600FEA5A3 /* ContentView.swift in Sources */ = {isa = PBXBuildFile; fileRef = 1B815AF72CCF64D600FEA5A3 /* ContentView.swift */; };
		1B815AFA2CCF64DA00FEA5A3 /* Assets.xcassets in Resources */ = {isa = PBXBuildFile; fileRef = 1B815AF92CCF64DA00FEA5A3 /* Assets.xcassets */; };
		1B815AFD2CCF64DA00FEA5A3 /* Preview Assets.xcassets in Resources */ = {isa = PBXBuildFile; fileRef = 1B815AFC2CCF64DA00FEA5A3 /* Preview Assets.xcassets */; };
		1B815B962CD0E9A700FEA5A3 /* EventRow.swift in Sources */ = {isa = PBXBuildFile; fileRef = 1B815B952CD0E9A700FEA5A3 /* EventRow.swift */; };
		1B815B982CD0E9C100FEA5A3 /* EventForm.swift in Sources */ = {isa = PBXBuildFile; fileRef = 1B815B972CD0E9C100FEA5A3 /* EventForm.swift */; };
		1B815B9A2CD0EE0300FEA5A3 /* EventsView.swift in Sources */ = {isa = PBXBuildFile; fileRef = 1B815B992CD0EE0300FEA5A3 /* EventsView.swift */; };
/* End PBXBuildFile section */

/* Begin PBXFileReference section */
		1B815AF22CCF64D600FEA5A3 /* eventcountdown.app */ = {isa = PBXFileReference; explicitFileType = wrapper.application; includeInIndex = 0; path = eventcountdown.app; sourceTree = BUILT_PRODUCTS_DIR; };
		1B815AF52CCF64D600FEA5A3 /* eventcountdownApp.swift */ = {isa = PBXFileReference; lastKnownFileType = sourcecode.swift; path = eventcountdownApp.swift; sourceTree = "<group>"; };
		1B815AF72CCF64D600FEA5A3 /* ContentView.swift */ = {isa = PBXFileReference; lastKnownFileType = sourcecode.swift; path = ContentView.swift; sourceTree = "<group>"; };
		1B815AF92CCF64DA00FEA5A3 /* Assets.xcassets */ = {isa = PBXFileReference; lastKnownFileType = folder.assetcatalog; path = Assets.xcassets; sourceTree = "<group>"; };
		1B815AFC2CCF64DA00FEA5A3 /* Preview Assets.xcassets */ = {isa = PBXFileReference; lastKnownFileType = folder.assetcatalog; path = "Preview Assets.xcassets"; sourceTree = "<group>"; };
		1B815B952CD0E9A700FEA5A3 /* EventRow.swift */ = {isa = PBXFileReference; lastKnownFileType = sourcecode.swift; path = EventRow.swift; sourceTree = "<group>"; };
		1B815B972CD0E9C100FEA5A3 /* EventForm.swift */ = {isa = PBXFileReference; lastKnownFileType = sourcecode.swift; path = EventForm.swift; sourceTree = "<group>"; };
		1B815B992CD0EE0300FEA5A3 /* EventsView.swift */ = {isa = PBXFileReference; lastKnownFileType = sourcecode.swift; path = EventsView.swift; sourceTree = "<group>"; };
/* End PBXFileReference section */

/* Begin PBXFrameworksBuildPhase section */
		1B815AEF2CCF64D600FEA5A3 /* Frameworks */ = {
			isa = PBXFrameworksBuildPhase;
			buildActionMask = 2147483647;
			files = (
			);
			runOnlyForDeploymentPostprocessing = 0;
		};
/* End PBXFrameworksBuildPhase section */

/* Begin PBXGroup section */
		1B815AE92CCF64D600FEA5A3 = {
			isa = PBXGroup;
			children = (
				1B815AF42CCF64D600FEA5A3 /* eventcountdown */,
				1B815AF32CCF64D600FEA5A3 /* Products */,
			);
			sourceTree = "<group>";
		};
		1B815AF32CCF64D600FEA5A3 /* Products */ = {
			isa = PBXGroup;
			children = (
				1B815AF22CCF64D600FEA5A3 /* eventcountdown.app */,
			);
			name = Products;
			sourceTree = "<group>";
		};
		1B815AF42CCF64D600FEA5A3 /* eventcountdown */ = {
			isa = PBXGroup;
			children = (
				1B815AF52CCF64D600FEA5A3 /* eventcountdownApp.swift */,
				1B815AF72CCF64D600FEA5A3 /* ContentView.swift */,
				1B815AF92CCF64DA00FEA5A3 /* Assets.xcassets */,
				1B815AFB2CCF64DA00FEA5A3 /* Preview Content */,
				1B815B972CD0E9C100FEA5A3 /* EventForm.swift */,
				1B815B992CD0EE0300FEA5A3 /* EventsView.swift */,
				1B815B952CD0E9A700FEA5A3 /* EventRow.swift */,
			);
			path = eventcountdown;
			sourceTree = "<group>";
		};
		1B815AFB2CCF64DA00FEA5A3 /* Preview Content */ = {
			isa = PBXGroup;
			children = (
				1B815AFC2CCF64DA00FEA5A3 /* Preview Assets.xcassets */,
			);
			path = "Preview Content";
			sourceTree = "<group>";
		};
/* End PBXGroup section */

/* Begin PBXNativeTarget section */
		1B815AF12CCF64D600FEA5A3 /* eventcountdown */ = {
			isa = PBXNativeTarget;
			buildConfigurationList = 1B815B002CCF64DA00FEA5A3 /* Build configuration list for PBXNativeTarget "eventcountdown" */;
			buildPhases = (
				1B815AEE2CCF64D600FEA5A3 /* Sources */,
				1B815AEF2CCF64D600FEA5A3 /* Frameworks */,
				1B815AF02CCF64D600FEA5A3 /* Resources */,
			);
			buildRules = (
			);
			dependencies = (
			);
			name = eventcountdown;
			productName = eventcountdown;
			productReference = 1B815AF22CCF64D600FEA5A3 /* eventcountdown.app */;
			productType = "com.apple.product-type.application";
		};
/* End PBXNativeTarget section */

/* Begin PBXProject section */
		1B815AEA2CCF64D600FEA5A3 /* Project object */ = {
			isa = PBXProject;
			attributes = {
				BuildIndependentTargetsInParallel = 1;
				LastSwiftUpdateCheck = 1540;
				LastUpgradeCheck = 1540;
				TargetAttributes = {
					1B815AF12CCF64D600FEA5A3 = {
						CreatedOnToolsVersion = 15.4;
					};
				};
			};
			buildConfigurationList = 1B815AED2CCF64D600FEA5A3 /* Build configuration list for PBXProject "eventcountdown" */;
			compatibilityVersion = "Xcode 14.0";
			developmentRegion = en;
			hasScannedForEncodings = 0;
			knownRegions = (
				en,
				Base,
			);
			mainGroup = 1B815AE92CCF64D600FEA5A3;
			productRefGroup = 1B815AF32CCF64D600FEA5A3 /* Products */;
			projectDirPath = "";
			projectRoot = "";
			targets = (
				1B815AF12CCF64D600FEA5A3 /* eventcountdown */,
			);
		};
/* End PBXProject section */

/* Begin PBXResourcesBuildPhase section */
		1B815AF02CCF64D600FEA5A3 /* Resources */ = {
			isa = PBXResourcesBuildPhase;
			buildActionMask = 2147483647;
			files = (
				1B815AFD2CCF64DA00FEA5A3 /* Preview Assets.xcassets in Resources */,
				1B815AFA2CCF64DA00FEA5A3 /* Assets.xcassets in Resources */,
			);
			runOnlyForDeploymentPostprocessing = 0;
		};
/* End PBXResourcesBuildPhase section */

/* Begin PBXSourcesBuildPhase section */
		1B815AEE2CCF64D600FEA5A3 /* Sources */ = {
			isa = PBXSourcesBuildPhase;
			buildActionMask = 2147483647;
			files = (
				1B815B982CD0E9C100FEA5A3 /* EventForm.swift in Sources */,
				1B815B9A2CD0EE0300FEA5A3 /* EventsView.swift in Sources */,
				1B815AF82CCF64D600FEA5A3 /* ContentView.swift in Sources */,
				1B815B962CD0E9A700FEA5A3 /* EventRow.swift in Sources */,
				1B815AF62CCF64D600FEA5A3 /* eventcountdownApp.swift in Sources */,
			);
			runOnlyForDeploymentPostprocessing = 0;
		};
/* End PBXSourcesBuildPhase section */

/* Begin XCBuildConfiguration section */
		1B815AFE2CCF64DA00FEA5A3 /* Debug */ = {
			isa = XCBuildConfiguration;
			buildSettings = {
				ALWAYS_SEARCH_USER_PATHS = NO;
				ASSETCATALOG_COMPILER_GENERATE_SWIFT_ASSET_SYMBOL_EXTENSIONS = YES;
				CLANG_ANALYZER_NONNULL = YES;
				CLANG_ANALYZER_NUMBER_OBJECT_CONVERSION = YES_AGGRESSIVE;
				CLANG_CXX_LANGUAGE_STANDARD = "gnu++20";
				CLANG_ENABLE_MODULES = YES;
				CLANG_ENABLE_OBJC_ARC = YES;
				CLANG_ENABLE_OBJC_WEAK = YES;
				CLANG_WARN_BLOCK_CAPTURE_AUTORELEASING = YES;
				CLANG_WARN_BOOL_CONVERSION = YES;
				CLANG_WARN_COMMA = YES;
				CLANG_WARN_CONSTANT_CONVERSION = YES;
				CLANG_WARN_DEPRECATED_OBJC_IMPLEMENTATIONS = YES;
				CLANG_WARN_DIRECT_OBJC_ISA_USAGE = YES_ERROR;
				CLANG_WARN_DOCUMENTATION_COMMENTS = YES;
				CLANG_WARN_EMPTY_BODY = YES;
				CLANG_WARN_ENUM_CONVERSION = YES;
				CLANG_WARN_INFINITE_RECURSION = YES;
				CLANG_WARN_INT_CONVERSION = YES;
				CLANG_WARN_NON_LITERAL_NULL_CONVERSION = YES;
				CLANG_WARN_OBJC_IMPLICIT_RETAIN_SELF = YES;
				CLANG_WARN_OBJC_LITERAL_CONVERSION = YES;
				CLANG_WARN_OBJC_ROOT_CLASS = YES_ERROR;
				CLANG_WARN_QUOTED_INCLUDE_IN_FRAMEWORK_HEADER = YES;
				CLANG_WARN_RANGE_LOOP_ANALYSIS = YES;
				CLANG_WARN_STRICT_PROTOTYPES = YES;
				CLANG_WARN_SUSPICIOUS_MOVE = YES;
				CLANG_WARN_UNGUARDED_AVAILABILITY = YES_AGGRESSIVE;
				CLANG_WARN_UNREACHABLE_CODE = YES;
				CLANG_WARN__DUPLICATE_METHOD_MATCH = YES;
				COPY_PHASE_STRIP = NO;
				DEBUG_INFORMATION_FORMAT = dwarf;
				ENABLE_STRICT_OBJC_MSGSEND = YES;
				ENABLE_TESTABILITY = YES;
				ENABLE_USER_SCRIPT_SANDBOXING = YES;
				GCC_C_LANGUAGE_STANDARD = gnu17;
				GCC_DYNAMIC_NO_PIC = NO;
				GCC_NO_COMMON_BLOCKS = YES;
				GCC_OPTIMIZATION_LEVEL = 0;
				GCC_PREPROCESSOR_DEFINITIONS = (
					"DEBUG=1",
					"$(inherited)",
				);
				GCC_WARN_64_TO_32_BIT_CONVERSION = YES;
				GCC_WARN_ABOUT_RETURN_TYPE = YES_ERROR;
				GCC_WARN_UNDECLARED_SELECTOR = YES;
				GCC_WARN_UNINITIALIZED_AUTOS = YES_AGGRESSIVE;
				GCC_WARN_UNUSED_FUNCTION = YES;
				GCC_WARN_UNUSED_VARIABLE = YES;
				IPHONEOS_DEPLOYMENT_TARGET = 17.5;
				LOCALIZATION_PREFERS_STRING_CATALOGS = YES;
				MTL_ENABLE_DEBUG_INFO = INCLUDE_SOURCE;
				MTL_FAST_MATH = YES;
				ONLY_ACTIVE_ARCH = YES;
				SDKROOT = iphoneos;
				SWIFT_ACTIVE_COMPILATION_CONDITIONS = "DEBUG $(inherited)";
				SWIFT_OPTIMIZATION_LEVEL = "-Onone";
			};
			name = Debug;
		};
		1B815AFF2CCF64DA00FEA5A3 /* Release */ = {
			isa = XCBuildConfiguration;
			buildSettings = {
				ALWAYS_SEARCH_USER_PATHS = NO;
				ASSETCATALOG_COMPILER_GENERATE_SWIFT_ASSET_SYMBOL_EXTENSIONS = YES;
				CLANG_ANALYZER_NONNULL = YES;
				CLANG_ANALYZER_NUMBER_OBJECT_CONVERSION = YES_AGGRESSIVE;
				CLANG_CXX_LANGUAGE_STANDARD = "gnu++20";
				CLANG_ENABLE_MODULES = YES;
				CLANG_ENABLE_OBJC_ARC = YES;
				CLANG_ENABLE_OBJC_WEAK = YES;
				CLANG_WARN_BLOCK_CAPTURE_AUTORELEASING = YES;
				CLANG_WARN_BOOL_CONVERSION = YES;
				CLANG_WARN_COMMA = YES;
				CLANG_WARN_CONSTANT_CONVERSION = YES;
				CLANG_WARN_DEPRECATED_OBJC_IMPLEMENTATIONS = YES;
				CLANG_WARN_DIRECT_OBJC_ISA_USAGE = YES_ERROR;
				CLANG_WARN_DOCUMENTATION_COMMENTS = YES;
				CLANG_WARN_EMPTY_BODY = YES;
				CLANG_WARN_ENUM_CONVERSION = YES;
				CLANG_WARN_INFINITE_RECURSION = YES;
				CLANG_WARN_INT_CONVERSION = YES;
				CLANG_WARN_NON_LITERAL_NULL_CONVERSION = YES;
				CLANG_WARN_OBJC_IMPLICIT_RETAIN_SELF = YES;
				CLANG_WARN_OBJC_LITERAL_CONVERSION = YES;
				CLANG_WARN_OBJC_ROOT_CLASS = YES_ERROR;
				CLANG_WARN_QUOTED_INCLUDE_IN_FRAMEWORK_HEADER = YES;
				CLANG_WARN_RANGE_LOOP_ANALYSIS = YES;
				CLANG_WARN_STRICT_PROTOTYPES = YES;
				CLANG_WARN_SUSPICIOUS_MOVE = YES;
				CLANG_WARN_UNGUARDED_AVAILABILITY = YES_AGGRESSIVE;
				CLANG_WARN_UNREACHABLE_CODE = YES;
				CLANG_WARN__DUPLICATE_METHOD_MATCH = YES;
				COPY_PHASE_STRIP = NO;
				DEBUG_INFORMATION_FORMAT = "dwarf-with-dsym";
				ENABLE_NS_ASSERTIONS = NO;
				ENABLE_STRICT_OBJC_MSGSEND = YES;
				ENABLE_USER_SCRIPT_SANDBOXING = YES;
				GCC_C_LANGUAGE_STANDARD = gnu17;
				GCC_NO_COMMON_BLOCKS = YES;
				GCC_WARN_64_TO_32_BIT_CONVERSION = YES;
				GCC_WARN_ABOUT_RETURN_TYPE = YES_ERROR;
				GCC_WARN_UNDECLARED_SELECTOR = YES;
				GCC_WARN_UNINITIALIZED_AUTOS = YES_AGGRESSIVE;
				GCC_WARN_UNUSED_FUNCTION = YES;
				GCC_WARN_UNUSED_VARIABLE = YES;
				IPHONEOS_DEPLOYMENT_TARGET = 17.5;
				LOCALIZATION_PREFERS_STRING_CATALOGS = YES;
				MTL_ENABLE_DEBUG_INFO = NO;
				MTL_FAST_MATH = YES;
				SDKROOT = iphoneos;
				SWIFT_COMPILATION_MODE = wholemodule;
				VALIDATE_PRODUCT = YES;
			};
			name = Release;
		};
		1B815B012CCF64DA00FEA5A3 /* Debug */ = {
			isa = XCBuildConfiguration;
			buildSettings = {
				ASSETCATALOG_COMPILER_APPICON_NAME = AppIcon;
				ASSETCATALOG_COMPILER_GLOBAL_ACCENT_COLOR_NAME = AccentColor;
				CODE_SIGN_STYLE = Automatic;
				CURRENT_PROJECT_VERSION = 1;
				DEVELOPMENT_ASSET_PATHS = "\"eventcountdown/Preview Content\"";
				ENABLE_PREVIEWS = YES;
				GENERATE_INFOPLIST_FILE = YES;
				INFOPLIST_KEY_UIApplicationSceneManifest_Generation = YES;
				INFOPLIST_KEY_UIApplicationSupportsIndirectInputEvents = YES;
				INFOPLIST_KEY_UILaunchScreen_Generation = YES;
				INFOPLIST_KEY_UISupportedInterfaceOrientations_iPad = "UIInterfaceOrientationPortrait UIInterfaceOrientationPortraitUpsideDown UIInterfaceOrientationLandscapeLeft UIInterfaceOrientationLandscapeRight";
				INFOPLIST_KEY_UISupportedInterfaceOrientations_iPhone = "UIInterfaceOrientationPortrait UIInterfaceOrientationLandscapeLeft UIInterfaceOrientationLandscapeRight";
				LD_RUNPATH_SEARCH_PATHS = (
					"$(inherited)",
					"@executable_path/Frameworks",
				);
				MARKETING_VERSION = 1.0;
				PRODUCT_BUNDLE_IDENTIFIER = william.eventcountdown;
				PRODUCT_NAME = "$(TARGET_NAME)";
				SWIFT_EMIT_LOC_STRINGS = YES;
				SWIFT_VERSION = 5.0;
				TARGETED_DEVICE_FAMILY = "1,2";
			};
			name = Debug;
		};
		1B815B022CCF64DA00FEA5A3 /* Release */ = {
			isa = XCBuildConfiguration;
			buildSettings = {
				ASSETCATALOG_COMPILER_APPICON_NAME = AppIcon;
				ASSETCATALOG_COMPILER_GLOBAL_ACCENT_COLOR_NAME = AccentColor;
				CODE_SIGN_STYLE = Automatic;
				CURRENT_PROJECT_VERSION = 1;
				DEVELOPMENT_ASSET_PATHS = "\"eventcountdown/Preview Content\"";
				ENABLE_PREVIEWS = YES;
				GENERATE_INFOPLIST_FILE = YES;
				INFOPLIST_KEY_UIApplicationSceneManifest_Generation = YES;
				INFOPLIST_KEY_UIApplicationSupportsIndirectInputEvents = YES;
				INFOPLIST_KEY_UILaunchScreen_Generation = YES;
				INFOPLIST_KEY_UISupportedInterfaceOrientations_iPad = "UIInterfaceOrientationPortrait UIInterfaceOrientationPortraitUpsideDown UIInterfaceOrientationLandscapeLeft UIInterfaceOrientationLandscapeRight";
				INFOPLIST_KEY_UISupportedInterfaceOrientations_iPhone = "UIInterfaceOrientationPortrait UIInterfaceOrientationLandscapeLeft UIInterfaceOrientationLandscapeRight";
				LD_RUNPATH_SEARCH_PATHS = (
					"$(inherited)",
					"@executable_path/Frameworks",
				);
				MARKETING_VERSION = 1.0;
				PRODUCT_BUNDLE_IDENTIFIER = william.eventcountdown;
				PRODUCT_NAME = "$(TARGET_NAME)";
				SWIFT_EMIT_LOC_STRINGS = YES;
				SWIFT_VERSION = 5.0;
				TARGETED_DEVICE_FAMILY = "1,2";
			};
			name = Release;
		};
/* End XCBuildConfiguration section */

/* Begin XCConfigurationList section */
		1B815AED2CCF64D600FEA5A3 /* Build configuration list for PBXProject "eventcountdown" */ = {
			isa = XCConfigurationList;
			buildConfigurations = (
				1B815AFE2CCF64DA00FEA5A3 /* Debug */,
				1B815AFF2CCF64DA00FEA5A3 /* Release */,
			);
			defaultConfigurationIsVisible = 0;
			defaultConfigurationName = Release;
		};
		1B815B002CCF64DA00FEA5A3 /* Build configuration list for PBXNativeTarget "eventcountdown" */ = {
			isa = XCConfigurationList;
			buildConfigurations = (
				1B815B012CCF64DA00FEA5A3 /* Debug */,
				1B815B022CCF64DA00FEA5A3 /* Release */,
			);
			defaultConfigurationIsVisible = 0;
			defaultConfigurationName = Release;
		};
/* End XCConfigurationList section */
	};
	rootObject = 1B815AEA2CCF64D600FEA5A3 /* Project object */;
}
